// !$*UTF8*$!
{
	archiveVersion = 1;
	classes = {
	};
	objectVersion = 46;
	objects = {

/* Begin PBXBuildFile section */
		F95622F21A4EEEE800648AEC /* ChecklistItem.swift in Sources */ = {isa = PBXBuildFile; fileRef = F95622F11A4EEEE800648AEC /* ChecklistItem.swift */; };
		F98D68881A4FBC4B0044AB1E /* ItemDetailViewController.swift in Sources */ = {isa = PBXBuildFile; fileRef = F98D68871A4FBC4B0044AB1E /* ItemDetailViewController.swift */; };
		F9AD74511A534E5F001B1E78 /* AllListsViewController.swift in Sources */ = {isa = PBXBuildFile; fileRef = F9AD74501A534E5F001B1E78 /* AllListsViewController.swift */; };
		F9AD74531A53519C001B1E78 /* Checklist.swift in Sources */ = {isa = PBXBuildFile; fileRef = F9AD74521A53519C001B1E78 /* Checklist.swift */; };
		F9AD74551A539FA4001B1E78 /* ListDetailViewController.swift in Sources */ = {isa = PBXBuildFile; fileRef = F9AD74541A539FA4001B1E78 /* ListDetailViewController.swift */; };
		F9AD74571A53C0EA001B1E78 /* DataModel.swift in Sources */ = {isa = PBXBuildFile; fileRef = F9AD74561A53C0EA001B1E78 /* DataModel.swift */; };
		F9F4147C1A56658A00E7FCFA /* IconPickerViewController.swift in Sources */ = {isa = PBXBuildFile; fileRef = F9F4147B1A56658A00E7FCFA /* IconPickerViewController.swift */; };
		F9FE023F1A4DBD0A00722245 /* AppDelegate.swift in Sources */ = {isa = PBXBuildFile; fileRef = F9FE023E1A4DBD0A00722245 /* AppDelegate.swift */; };
		F9FE02411A4DBD0A00722245 /* ChecklistViewController.swift in Sources */ = {isa = PBXBuildFile; fileRef = F9FE02401A4DBD0A00722245 /* ChecklistViewController.swift */; };
		F9FE02441A4DBD0A00722245 /* Main.storyboard in Resources */ = {isa = PBXBuildFile; fileRef = F9FE02421A4DBD0A00722245 /* Main.storyboard */; };
		F9FE02461A4DBD0A00722245 /* Images.xcassets in Resources */ = {isa = PBXBuildFile; fileRef = F9FE02451A4DBD0A00722245 /* Images.xcassets */; };
		F9FE02551A4DBD0A00722245 /* ChecklistsTests.swift in Sources */ = {isa = PBXBuildFile; fileRef = F9FE02541A4DBD0A00722245 /* ChecklistsTests.swift */; };
/* End PBXBuildFile section */

/* Begin PBXContainerItemProxy section */
		F9FE024F1A4DBD0A00722245 /* PBXContainerItemProxy */ = {
			isa = PBXContainerItemProxy;
			containerPortal = F9FE02311A4DBD0A00722245 /* Project object */;
			proxyType = 1;
			remoteGlobalIDString = F9FE02381A4DBD0A00722245;
			remoteInfo = Checklists;
		};
/* End PBXContainerItemProxy section */

/* Begin PBXFileReference section */
		F95622F11A4EEEE800648AEC /* ChecklistItem.swift */ = {isa = PBXFileReference; fileEncoding = 4; lastKnownFileType = sourcecode.swift; path = ChecklistItem.swift; sourceTree = "<group>"; };
		F98D68871A4FBC4B0044AB1E /* ItemDetailViewController.swift */ = {isa = PBXFileReference; fileEncoding = 4; lastKnownFileType = sourcecode.swift; lineEnding = 0; path = ItemDetailViewController.swift; sourceTree = "<group>"; xcLanguageSpecificationIdentifier = xcode.lang.swift; };
		F9AD74501A534E5F001B1E78 /* AllListsViewController.swift */ = {isa = PBXFileReference; fileEncoding = 4; lastKnownFileType = sourcecode.swift; path = AllListsViewController.swift; sourceTree = "<group>"; };
		F9AD74521A53519C001B1E78 /* Checklist.swift */ = {isa = PBXFileReference; fileEncoding = 4; lastKnownFileType = sourcecode.swift; path = Checklist.swift; sourceTree = "<group>"; };
		F9AD74541A539FA4001B1E78 /* ListDetailViewController.swift */ = {isa = PBXFileReference; fileEncoding = 4; lastKnownFileType = sourcecode.swift; path = ListDetailViewController.swift; sourceTree = "<group>"; };
		F9AD74561A53C0EA001B1E78 /* DataModel.swift */ = {isa = PBXFileReference; fileEncoding = 4; lastKnownFileType = sourcecode.swift; path = DataModel.swift; sourceTree = "<group>"; };
		F9F4147B1A56658A00E7FCFA /* IconPickerViewController.swift */ = {isa = PBXFileReference; fileEncoding = 4; lastKnownFileType = sourcecode.swift; path = IconPickerViewController.swift; sourceTree = "<group>"; };
		F9FE02391A4DBD0A00722245 /* Checklists.app */ = {isa = PBXFileReference; explicitFileType = wrapper.application; includeInIndex = 0; path = Checklists.app; sourceTree = BUILT_PRODUCTS_DIR; };
		F9FE023D1A4DBD0A00722245 /* Info.plist */ = {isa = PBXFileReference; lastKnownFileType = text.plist.xml; path = Info.plist; sourceTree = "<group>"; };
		F9FE023E1A4DBD0A00722245 /* AppDelegate.swift */ = {isa = PBXFileReference; lastKnownFileType = sourcecode.swift; path = AppDelegate.swift; sourceTree = "<group>"; };
		F9FE02401A4DBD0A00722245 /* ChecklistViewController.swift */ = {isa = PBXFileReference; lastKnownFileType = sourcecode.swift; lineEnding = 0; path = ChecklistViewController.swift; sourceTree = "<group>"; xcLanguageSpecificationIdentifier = xcode.lang.swift; };
		F9FE02431A4DBD0A00722245 /* Base */ = {isa = PBXFileReference; lastKnownFileType = file.storyboard; name = Base; path = Base.lproj/Main.storyboard; sourceTree = "<group>"; };
		F9FE02451A4DBD0A00722245 /* Images.xcassets */ = {isa = PBXFileReference; lastKnownFileType = folder.assetcatalog; path = Images.xcassets; sourceTree = "<group>"; };
		F9FE024E1A4DBD0A00722245 /* ChecklistsTests.xctest */ = {isa = PBXFileReference; explicitFileType = wrapper.cfbundle; includeInIndex = 0; path = ChecklistsTests.xctest; sourceTree = BUILT_PRODUCTS_DIR; };
		F9FE02531A4DBD0A00722245 /* Info.plist */ = {isa = PBXFileReference; lastKnownFileType = text.plist.xml; path = Info.plist; sourceTree = "<group>"; };
		F9FE02541A4DBD0A00722245 /* ChecklistsTests.swift */ = {isa = PBXFileReference; lastKnownFileType = sourcecode.swift; path = ChecklistsTests.swift; sourceTree = "<group>"; };
/* End PBXFileReference section */

/* Begin PBXFrameworksBuildPhase section */
		F9FE02361A4DBD0A00722245 /* Frameworks */ = {
			isa = PBXFrameworksBuildPhase;
			buildActionMask = 2147483647;
			files = (
			);
			runOnlyForDeploymentPostprocessing = 0;
		};
		F9FE024B1A4DBD0A00722245 /* Frameworks */ = {
			isa = PBXFrameworksBuildPhase;
			buildActionMask = 2147483647;
			files = (
			);
			runOnlyForDeploymentPostprocessing = 0;
		};
/* End PBXFrameworksBuildPhase section */

/* Begin PBXGroup section */
		F9FE02301A4DBD0A00722245 = {
			isa = PBXGroup;
			children = (
				F9FE023B1A4DBD0A00722245 /* Checklists */,
				F9FE02511A4DBD0A00722245 /* ChecklistsTests */,
				F9FE023A1A4DBD0A00722245 /* Products */,
			);
			sourceTree = "<group>";
		};
		F9FE023A1A4DBD0A00722245 /* Products */ = {
			isa = PBXGroup;
			children = (
				F9FE02391A4DBD0A00722245 /* Checklists.app */,
				F9FE024E1A4DBD0A00722245 /* ChecklistsTests.xctest */,
			);
			name = Products;
			sourceTree = "<group>";
		};
		F9FE023B1A4DBD0A00722245 /* Checklists */ = {
			isa = PBXGroup;
			children = (
				F9AD74501A534E5F001B1E78 /* AllListsViewController.swift */,
				F9AD74541A539FA4001B1E78 /* ListDetailViewController.swift */,
				F9FE02401A4DBD0A00722245 /* ChecklistViewController.swift */,
				F98D68871A4FBC4B0044AB1E /* ItemDetailViewController.swift */,
				F9F4147B1A56658A00E7FCFA /* IconPickerViewController.swift */,
				F9AD74521A53519C001B1E78 /* Checklist.swift */,
				F95622F11A4EEEE800648AEC /* ChecklistItem.swift */,
				F9AD74561A53C0EA001B1E78 /* DataModel.swift */,
				F9FE02421A4DBD0A00722245 /* Main.storyboard */,
				F9FE02451A4DBD0A00722245 /* Images.xcassets */,
				F9FE023C1A4DBD0A00722245 /* Supporting Files */,
			);
			path = Checklists;
			sourceTree = "<group>";
		};
		F9FE023C1A4DBD0A00722245 /* Supporting Files */ = {
			isa = PBXGroup;
			children = (
				F9FE023E1A4DBD0A00722245 /* AppDelegate.swift */,
				F9FE023D1A4DBD0A00722245 /* Info.plist */,
			);
			name = "Supporting Files";
			sourceTree = "<group>";
		};
		F9FE02511A4DBD0A00722245 /* ChecklistsTests */ = {
			isa = PBXGroup;
			children = (
				F9FE02541A4DBD0A00722245 /* ChecklistsTests.swift */,
				F9FE02521A4DBD0A00722245 /* Supporting Files */,
			);
			path = ChecklistsTests;
			sourceTree = "<group>";
		};
		F9FE02521A4DBD0A00722245 /* Supporting Files */ = {
			isa = PBXGroup;
			children = (
				F9FE02531A4DBD0A00722245 /* Info.plist */,
			);
			name = "Supporting Files";
			sourceTree = "<group>";
		};
/* End PBXGroup section */

/* Begin PBXNativeTarget section */
		F9FE02381A4DBD0A00722245 /* Checklists */ = {
			isa = PBXNativeTarget;
			buildConfigurationList = F9FE02581A4DBD0A00722245 /* Build configuration list for PBXNativeTarget "Checklists" */;
			buildPhases = (
				F9FE02351A4DBD0A00722245 /* Sources */,
				F9FE02361A4DBD0A00722245 /* Frameworks */,
				F9FE02371A4DBD0A00722245 /* Resources */,
			);
			buildRules = (
			);
			dependencies = (
			);
			name = Checklists;
			productName = Checklists;
			productReference = F9FE02391A4DBD0A00722245 /* Checklists.app */;
			productType = "com.apple.product-type.application";
		};
		F9FE024D1A4DBD0A00722245 /* ChecklistsTests */ = {
			isa = PBXNativeTarget;
			buildConfigurationList = F9FE025B1A4DBD0A00722245 /* Build configuration list for PBXNativeTarget "ChecklistsTests" */;
			buildPhases = (
				F9FE024A1A4DBD0A00722245 /* Sources */,
				F9FE024B1A4DBD0A00722245 /* Frameworks */,
				F9FE024C1A4DBD0A00722245 /* Resources */,
			);
			buildRules = (
			);
			dependencies = (
				F9FE02501A4DBD0A00722245 /* PBXTargetDependency */,
			);
			name = ChecklistsTests;
			productName = ChecklistsTests;
			productReference = F9FE024E1A4DBD0A00722245 /* ChecklistsTests.xctest */;
			productType = "com.apple.product-type.bundle.unit-test";
		};
/* End PBXNativeTarget section */

/* Begin PBXProject section */
		F9FE02311A4DBD0A00722245 /* Project object */ = {
			isa = PBXProject;
			attributes = {
				LastUpgradeCheck = 0610;
				ORGANIZATIONNAME = "Hector Enrique Gomez Morales";
				TargetAttributes = {
					F9FE02381A4DBD0A00722245 = {
						CreatedOnToolsVersion = 6.1.1;
					};
					F9FE024D1A4DBD0A00722245 = {
						CreatedOnToolsVersion = 6.1.1;
						TestTargetID = F9FE02381A4DBD0A00722245;
					};
				};
			};
			buildConfigurationList = F9FE02341A4DBD0A00722245 /* Build configuration list for PBXProject "Checklists" */;
			compatibilityVersion = "Xcode 3.2";
			developmentRegion = English;
			hasScannedForEncodings = 0;
			knownRegions = (
				en,
				Base,
			);
			mainGroup = F9FE02301A4DBD0A00722245;
			productRefGroup = F9FE023A1A4DBD0A00722245 /* Products */;
			projectDirPath = "";
			projectRoot = "";
			targets = (
				F9FE02381A4DBD0A00722245 /* Checklists */,
				F9FE024D1A4DBD0A00722245 /* ChecklistsTests */,
			);
		};
/* End PBXProject section */

/* Begin PBXResourcesBuildPhase section */
		F9FE02371A4DBD0A00722245 /* Resources */ = {
			isa = PBXResourcesBuildPhase;
			buildActionMask = 2147483647;
			files = (
				F9FE02441A4DBD0A00722245 /* Main.storyboard in Resources */,
				F9FE02461A4DBD0A00722245 /* Images.xcassets in Resources */,
			);
			runOnlyForDeploymentPostprocessing = 0;
		};
		F9FE024C1A4DBD0A00722245 /* Resources */ = {
			isa = PBXResourcesBuildPhase;
			buildActionMask = 2147483647;
			files = (
			);
			runOnlyForDeploymentPostprocessing = 0;
		};
/* End PBXResourcesBuildPhase section */

/* Begin PBXSourcesBuildPhase section */
		F9FE02351A4DBD0A00722245 /* Sources */ = {
			isa = PBXSourcesBuildPhase;
			buildActionMask = 2147483647;
			files = (
				F9FE02411A4DBD0A00722245 /* ChecklistViewController.swift in Sources */,
				F9AD74551A539FA4001B1E78 /* ListDetailViewController.swift in Sources */,
				F98D68881A4FBC4B0044AB1E /* ItemDetailViewController.swift in Sources */,
				F9F4147C1A56658A00E7FCFA /* IconPickerViewController.swift in Sources */,
				F9AD74531A53519C001B1E78 /* Checklist.swift in Sources */,
				F95622F21A4EEEE800648AEC /* ChecklistItem.swift in Sources */,
				F9AD74571A53C0EA001B1E78 /* DataModel.swift in Sources */,
				F9AD74511A534E5F001B1E78 /* AllListsViewController.swift in Sources */,
				F9FE023F1A4DBD0A00722245 /* AppDelegate.swift in Sources */,
			);
			runOnlyForDeploymentPostprocessing = 0;
		};
		F9FE024A1A4DBD0A00722245 /* Sources */ = {
			isa = PBXSourcesBuildPhase;
			buildActionMask = 2147483647;
			files = (
				F9FE02551A4DBD0A00722245 /* ChecklistsTests.swift in Sources */,
			);
			runOnlyForDeploymentPostprocessing = 0;
		};
/* End PBXSourcesBuildPhase section */

/* Begin PBXTargetDependency section */
		F9FE02501A4DBD0A00722245 /* PBXTargetDependency */ = {
			isa = PBXTargetDependency;
			target = F9FE02381A4DBD0A00722245 /* Checklists */;
			targetProxy = F9FE024F1A4DBD0A00722245 /* PBXContainerItemProxy */;
		};
/* End PBXTargetDependency section */

/* Begin PBXVariantGroup section */
		F9FE02421A4DBD0A00722245 /* Main.storyboard */ = {
			isa = PBXVariantGroup;
			children = (
				F9FE02431A4DBD0A00722245 /* Base */,
			);
			name = Main.storyboard;
			sourceTree = "<group>";
		};
/* End PBXVariantGroup section */

/* Begin XCBuildConfiguration section */
		F9FE02561A4DBD0A00722245 /* Debug */ = {
			isa = XCBuildConfiguration;
			buildSettings = {
				ALWAYS_SEARCH_USER_PATHS = NO;
				CLANG_CXX_LANGUAGE_STANDARD = "gnu++0x";
				CLANG_CXX_LIBRARY = "libc++";
				CLANG_ENABLE_MODULES = YES;
				CLANG_ENABLE_OBJC_ARC = YES;
				CLANG_WARN_BOOL_CONVERSION = YES;
				CLANG_WARN_CONSTANT_CONVERSION = YES;
				CLANG_WARN_DIRECT_OBJC_ISA_USAGE = YES_ERROR;
				CLANG_WARN_EMPTY_BODY = YES;
				CLANG_WARN_ENUM_CONVERSION = YES;
				CLANG_WARN_INT_CONVERSION = YES;
				CLANG_WARN_OBJC_ROOT_CLASS = YES_ERROR;
				CLANG_WARN_UNREACHABLE_CODE = YES;
				CLANG_WARN__DUPLICATE_METHOD_MATCH = YES;
				"CODE_SIGN_IDENTITY[sdk=iphoneos*]" = "iPhone Developer";
				COPY_PHASE_STRIP = NO;
				ENABLE_STRICT_OBJC_MSGSEND = YES;
				GCC_C_LANGUAGE_STANDARD = gnu99;
				GCC_DYNAMIC_NO_PIC = NO;
				GCC_OPTIMIZATION_LEVEL = 0;
				GCC_PREPROCESSOR_DEFINITIONS = (
					"DEBUG=1",
					"$(inherited)",
				);
				GCC_SYMBOLS_PRIVATE_EXTERN = NO;
				GCC_WARN_64_TO_32_BIT_CONVERSION = YES;
				GCC_WARN_ABOUT_RETURN_TYPE = YES_ERROR;
				GCC_WARN_UNDECLARED_SELECTOR = YES;
				GCC_WARN_UNINITIALIZED_AUTOS = YES_AGGRESSIVE;
				GCC_WARN_UNUSED_FUNCTION = YES;
				GCC_WARN_UNUSED_VARIABLE = YES;
				IPHONEOS_DEPLOYMENT_TARGET = 8.1;
				MTL_ENABLE_DEBUG_INFO = YES;
				ONLY_ACTIVE_ARCH = YES;
				SDKROOT = iphoneos;
				SWIFT_OPTIMIZATION_LEVEL = "-Onone";
			};
			name = Debug;
		};
		F9FE02571A4DBD0A00722245 /* Release */ = {
			isa = XCBuildConfiguration;
			buildSettings = {
				ALWAYS_SEARCH_USER_PATHS = NO;
				CLANG_CXX_LANGUAGE_STANDARD = "gnu++0x";
				CLANG_CXX_LIBRARY = "libc++";
				CLANG_ENABLE_MODULES = YES;
				CLANG_ENABLE_OBJC_ARC = YES;
				CLANG_WARN_BOOL_CONVERSION = YES;
				CLANG_WARN_CONSTANT_CONVERSION = YES;
				CLANG_WARN_DIRECT_OBJC_ISA_USAGE = YES_ERROR;
				CLANG_WARN_EMPTY_BODY = YES;
				CLANG_WARN_ENUM_CONVERSION = YES;
				CLANG_WARN_INT_CONVERSION = YES;
				CLANG_WARN_OBJC_ROOT_CLASS = YES_ERROR;
				CLANG_WARN_UNREACHABLE_CODE = YES;
				CLANG_WARN__DUPLICATE_METHOD_MATCH = YES;
				"CODE_SIGN_IDENTITY[sdk=iphoneos*]" = "iPhone Developer";
				COPY_PHASE_STRIP = YES;
				ENABLE_NS_ASSERTIONS = NO;
				ENABLE_STRICT_OBJC_MSGSEND = YES;
				GCC_C_LANGUAGE_STANDARD = gnu99;
				GCC_WARN_64_TO_32_BIT_CONVERSION = YES;
				GCC_WARN_ABOUT_RETURN_TYPE = YES_ERROR;
				GCC_WARN_UNDECLARED_SELECTOR = YES;
				GCC_WARN_UNINITIALIZED_AUTOS = YES_AGGRESSIVE;
				GCC_WARN_UNUSED_FUNCTION = YES;
				GCC_WARN_UNUSED_VARIABLE = YES;
				IPHONEOS_DEPLOYMENT_TARGET = 8.1;
				MTL_ENABLE_DEBUG_INFO = NO;
				SDKROOT = iphoneos;
				VALIDATE_PRODUCT = YES;
			};
			name = Release;
		};
		F9FE02591A4DBD0A00722245 /* Debug */ = {
			isa = XCBuildConfiguration;
			buildSettings = {
				ASSETCATALOG_COMPILER_APPICON_NAME = AppIcon;
				INFOPLIST_FILE = Checklists/Info.plist;
				LD_RUNPATH_SEARCH_PATHS = "$(inherited) @executable_path/Frameworks";
				PRODUCT_NAME = "$(TARGET_NAME)";
			};
			name = Debug;
		};
		F9FE025A1A4DBD0A00722245 /* Release */ = {
			isa = XCBuildConfiguration;
			buildSettings = {
				ASSETCATALOG_COMPILER_APPICON_NAME = AppIcon;
				INFOPLIST_FILE = Checklists/Info.plist;
				LD_RUNPATH_SEARCH_PATHS = "$(inherited) @executable_path/Frameworks";
				PRODUCT_NAME = "$(TARGET_NAME)";
			};
			name = Release;
		};
		F9FE025C1A4DBD0A00722245 /* Debug */ = {
			isa = XCBuildConfiguration;
			buildSettings = {
				BUNDLE_LOADER = "$(TEST_HOST)";
				FRAMEWORK_SEARCH_PATHS = (
					"$(SDKROOT)/Developer/Library/Frameworks",
					"$(inherited)",
				);
				GCC_PREPROCESSOR_DEFINITIONS = (
					"DEBUG=1",
					"$(inherited)",
				);
				INFOPLIST_FILE = ChecklistsTests/Info.plist;
				LD_RUNPATH_SEARCH_PATHS = "$(inherited) @executable_path/Frameworks @loader_path/Frameworks";
				PRODUCT_NAME = "$(TARGET_NAME)";
				TEST_HOST = "$(BUILT_PRODUCTS_DIR)/Checklists.app/Checklists";
			};
			name = Debug;
		};
		F9FE025D1A4DBD0A00722245 /* Release */ = {
			isa = XCBuildConfiguration;
			buildSettings = {
				BUNDLE_LOADER = "$(TEST_HOST)";
				FRAMEWORK_SEARCH_PATHS = (
					"$(SDKROOT)/Developer/Library/Frameworks",
					"$(inherited)",
				);
				INFOPLIST_FILE = ChecklistsTests/Info.plist;
				LD_RUNPATH_SEARCH_PATHS = "$(inherited) @executable_path/Frameworks @loader_path/Frameworks";
				PRODUCT_NAME = "$(TARGET_NAME)";
				TEST_HOST = "$(BUILT_PRODUCTS_DIR)/Checklists.app/Checklists";
			};
			name = Release;
		};
/* End XCBuildConfiguration section */

/* Begin XCConfigurationList section */
		F9FE02341A4DBD0A00722245 /* Build configuration list for PBXProject "Checklists" */ = {
			isa = XCConfigurationList;
			buildConfigurations = (
				F9FE02561A4DBD0A00722245 /* Debug */,
				F9FE02571A4DBD0A00722245 /* Release */,
			);
			defaultConfigurationIsVisible = 0;
			defaultConfigurationName = Release;
		};
		F9FE02581A4DBD0A00722245 /* Build configuration list for PBXNativeTarget "Checklists" */ = {
			isa = XCConfigurationList;
			buildConfigurations = (
				F9FE02591A4DBD0A00722245 /* Debug */,
				F9FE025A1A4DBD0A00722245 /* Release */,
			);
			defaultConfigurationIsVisible = 0;
			defaultConfigurationName = Release;
		};
		F9FE025B1A4DBD0A00722245 /* Build configuration list for PBXNativeTarget "ChecklistsTests" */ = {
			isa = XCConfigurationList;
			buildConfigurations = (
				F9FE025C1A4DBD0A00722245 /* Debug */,
				F9FE025D1A4DBD0A00722245 /* Release */,
			);
			defaultConfigurationIsVisible = 0;
			defaultConfigurationName = Release;
		};
/* End XCConfigurationList section */
	};
	rootObject = F9FE02311A4DBD0A00722245 /* Project object */;
}
